
Microsoft Visual Studio Solution File, Format Version 12.00
Project("{FAE04EC0-301F-11D3-BF4B-00C04F79EFBC}") = "LongestRepeatingCharacterReplacement", "LongestRepeatingCharacterReplacement\LongestRepeatingCharacterReplacement.csproj", "{1149B502-1517-4746-A65F-916C9573E3AF}"
EndProject
Project("{FAE04EC0-301F-11D3-BF4B-00C04F79EFBC}") = "76.MinimumWindowSubstring", "76.MinimumWindowSubstring\76.MinimumWindowSubstring.csproj", "{2B48D75E-B7C0-486C-934F-03EC255E608D}"
EndProject
Project("{2150E333-8FDC-42A3-9474-1A3956D46DE8}") = "Sliding Window", "Sliding Window", "{920918BD-4489-41E3-9488-19ED7CF41B92}"
EndProject
Project("{2150E333-8FDC-42A3-9474-1A3956D46DE8}") = "Stack", "Stack", "{41A39865-C370-4CC1-B1AB-1711354DA07E}"
EndProject
Project("{FAE04EC0-301F-11D3-BF4B-00C04F79EFBC}") = "ValidParentheses", "ValidParentheses\ValidParentheses.csproj", "{A6211C0A-6451-4B0D-97A1-C739F292CB2F}"
EndProject
Project("{2150E333-8FDC-42A3-9474-1A3956D46DE8}") = "Binary Search", "Binary Search", "{315432B3-1DB3-4C29-9D72-7A14EC43CFCD}"
EndProject
Project("{FAE04EC0-301F-11D3-BF4B-00C04F79EFBC}") = "FindMinimumInRotatedSortedArray", "FindMinimumInRotatedSortedArray\FindMinimumInRotatedSortedArray.csproj", "{3A77D268-9866-4CDD-AA89-6AC79586D5F0}"
EndProject
Project("{FAE04EC0-301F-11D3-BF4B-00C04F79EFBC}") = "MinStack", "MinStack\MinStack.csproj", "{885A594C-865C-4A1A-8747-D024AA122A78}"
EndProject
Project("{2150E333-8FDC-42A3-9474-1A3956D46DE8}") = "Two Pointers", "Two Pointers", "{57054C2E-13D0-48C9-B35F-63BC8E80456C}"
EndProject
Project("{FAE04EC0-301F-11D3-BF4B-00C04F79EFBC}") = "167.TwoSum2.InputArraySorted", "167.TwoSum2.InputArraySorted\167.TwoSum2.InputArraySorted.csproj", "{1E23A2B4-8D22-4333-8055-42653C222446}"
EndProject
Project("{FAE04EC0-301F-11D3-BF4B-00C04F79EFBC}") = "33.SearchInRotatedSortedArray", "33.SearchInRotatedSortedArray\33.SearchInRotatedSortedArray.csproj", "{9FBCB93A-6A15-4FF8-9C60-7D261E7BB3B0}"
EndProject
Project("{FAE04EC0-301F-11D3-BF4B-00C04F79EFBC}") = "SearchInRotatedSortedArray", "SearchInRotatedSortedArray\SearchInRotatedSortedArray.csproj", "{C6FE81A5-382D-4C58-87FB-CE5339831F2F}"
EndProject
Project("{2150E333-8FDC-42A3-9474-1A3956D46DE8}") = "SearchInRotatedSortedArray", "SearchInRotatedSortedArray", "{11AC36E9-F8E6-4F88-A743-EE18D21892BA}"
EndProject
Project("{2150E333-8FDC-42A3-9474-1A3956D46DE8}") = "Linked List", "Linked List", "{1F0CB8E3-651D-48E7-A7CE-947677DF3BDC}"
EndProject
Project("{FAE04EC0-301F-11D3-BF4B-00C04F79EFBC}") = "ReverseLinkedList", "ReverseLinkedList\ReverseLinkedList.csproj", "{744E7067-29C1-4222-88B6-24CCC917939C}"
EndProject
Project("{2150E333-8FDC-42A3-9474-1A3956D46DE8}") = "Arrays & Hashing", "Arrays & Hashing", "{23EB678D-3976-4964-87AF-7160087048E3}"
EndProject
Project("{FAE04EC0-301F-11D3-BF4B-00C04F79EFBC}") = "Valid_Sudoku", "Valid_Sudoku\Valid_Sudoku.csproj", "{47D4C7DC-602C-4C8A-BBDD-2520AE02F536}"
EndProject
Project("{FAE04EC0-301F-11D3-BF4B-00C04F79EFBC}") = "150.Trapping_Water", "150.Trapping_Water\150.Trapping_Water.csproj", "{00120D76-C8D8-451F-A7DF-6D8701D126A0}"
EndProject
Project("{FAE04EC0-301F-11D3-BF4B-00C04F79EFBC}") = "15.Evaluate Reverse_Polish_Notation", "15.Evaluate Reverse_Polish_Notation\15.Evaluate Reverse_Polish_Notation.csproj", "{939C5C35-F285-4569-AFE9-BAB1DFF26BED}"
EndProject
Global
	GlobalSection(SolutionConfigurationPlatforms) = preSolution
		Debug|Any CPU = Debug|Any CPU
		Release|Any CPU = Release|Any CPU
	EndGlobalSection
	GlobalSection(ProjectConfigurationPlatforms) = postSolution
		{1149B502-1517-4746-A65F-916C9573E3AF}.Debug|Any CPU.ActiveCfg = Debug|Any CPU
		{1149B502-1517-4746-A65F-916C9573E3AF}.Debug|Any CPU.Build.0 = Debug|Any CPU
		{1149B502-1517-4746-A65F-916C9573E3AF}.Release|Any CPU.ActiveCfg = Release|Any CPU
		{1149B502-1517-4746-A65F-916C9573E3AF}.Release|Any CPU.Build.0 = Release|Any CPU
		{2B48D75E-B7C0-486C-934F-03EC255E608D}.Debug|Any CPU.ActiveCfg = Debug|Any CPU
		{2B48D75E-B7C0-486C-934F-03EC255E608D}.Debug|Any CPU.Build.0 = Debug|Any CPU
		{2B48D75E-B7C0-486C-934F-03EC255E608D}.Release|Any CPU.ActiveCfg = Release|Any CPU
		{2B48D75E-B7C0-486C-934F-03EC255E608D}.Release|Any CPU.Build.0 = Release|Any CPU
		{A6211C0A-6451-4B0D-97A1-C739F292CB2F}.Debug|Any CPU.ActiveCfg = Debug|Any CPU
		{A6211C0A-6451-4B0D-97A1-C739F292CB2F}.Debug|Any CPU.Build.0 = Debug|Any CPU
		{A6211C0A-6451-4B0D-97A1-C739F292CB2F}.Release|Any CPU.ActiveCfg = Release|Any CPU
		{A6211C0A-6451-4B0D-97A1-C739F292CB2F}.Release|Any CPU.Build.0 = Release|Any CPU
		{3A77D268-9866-4CDD-AA89-6AC79586D5F0}.Debug|Any CPU.ActiveCfg = Debug|Any CPU
		{3A77D268-9866-4CDD-AA89-6AC79586D5F0}.Debug|Any CPU.Build.0 = Debug|Any CPU
		{3A77D268-9866-4CDD-AA89-6AC79586D5F0}.Release|Any CPU.ActiveCfg = Release|Any CPU
		{3A77D268-9866-4CDD-AA89-6AC79586D5F0}.Release|Any CPU.Build.0 = Release|Any CPU
		{885A594C-865C-4A1A-8747-D024AA122A78}.Debug|Any CPU.ActiveCfg = Debug|Any CPU
		{885A594C-865C-4A1A-8747-D024AA122A78}.Debug|Any CPU.Build.0 = Debug|Any CPU
		{885A594C-865C-4A1A-8747-D024AA122A78}.Release|Any CPU.ActiveCfg = Release|Any CPU
		{885A594C-865C-4A1A-8747-D024AA122A78}.Release|Any CPU.Build.0 = Release|Any CPU
		{1E23A2B4-8D22-4333-8055-42653C222446}.Debug|Any CPU.ActiveCfg = Debug|Any CPU
		{1E23A2B4-8D22-4333-8055-42653C222446}.Debug|Any CPU.Build.0 = Debug|Any CPU
		{1E23A2B4-8D22-4333-8055-42653C222446}.Release|Any CPU.ActiveCfg = Release|Any CPU
		{1E23A2B4-8D22-4333-8055-42653C222446}.Release|Any CPU.Build.0 = Release|Any CPU
		{9FBCB93A-6A15-4FF8-9C60-7D261E7BB3B0}.Debug|Any CPU.ActiveCfg = Debug|Any CPU
		{9FBCB93A-6A15-4FF8-9C60-7D261E7BB3B0}.Debug|Any CPU.Build.0 = Debug|Any CPU
		{9FBCB93A-6A15-4FF8-9C60-7D261E7BB3B0}.Release|Any CPU.ActiveCfg = Release|Any CPU
		{9FBCB93A-6A15-4FF8-9C60-7D261E7BB3B0}.Release|Any CPU.Build.0 = Release|Any CPU
		{C6FE81A5-382D-4C58-87FB-CE5339831F2F}.Debug|Any CPU.ActiveCfg = Debug|Any CPU
		{C6FE81A5-382D-4C58-87FB-CE5339831F2F}.Debug|Any CPU.Build.0 = Debug|Any CPU
		{C6FE81A5-382D-4C58-87FB-CE5339831F2F}.Release|Any CPU.ActiveCfg = Release|Any CPU
		{C6FE81A5-382D-4C58-87FB-CE5339831F2F}.Release|Any CPU.Build.0 = Release|Any CPU
		{744E7067-29C1-4222-88B6-24CCC917939C}.Debug|Any CPU.ActiveCfg = Debug|Any CPU
		{744E7067-29C1-4222-88B6-24CCC917939C}.Debug|Any CPU.Build.0 = Debug|Any CPU
		{744E7067-29C1-4222-88B6-24CCC917939C}.Release|Any CPU.ActiveCfg = Release|Any CPU
		{744E7067-29C1-4222-88B6-24CCC917939C}.Release|Any CPU.Build.0 = Release|Any CPU
		{47D4C7DC-602C-4C8A-BBDD-2520AE02F536}.Debug|Any CPU.ActiveCfg = Debug|Any CPU
		{47D4C7DC-602C-4C8A-BBDD-2520AE02F536}.Debug|Any CPU.Build.0 = Debug|Any CPU
		{47D4C7DC-602C-4C8A-BBDD-2520AE02F536}.Release|Any CPU.ActiveCfg = Release|Any CPU
		{47D4C7DC-602C-4C8A-BBDD-2520AE02F536}.Release|Any CPU.Build.0 = Release|Any CPU
		{00120D76-C8D8-451F-A7DF-6D8701D126A0}.Debug|Any CPU.ActiveCfg = Debug|Any CPU
		{00120D76-C8D8-451F-A7DF-6D8701D126A0}.Debug|Any CPU.Build.0 = Debug|Any CPU
		{00120D76-C8D8-451F-A7DF-6D8701D126A0}.Release|Any CPU.ActiveCfg = Release|Any CPU
		{00120D76-C8D8-451F-A7DF-6D8701D126A0}.Release|Any CPU.Build.0 = Release|Any CPU
		{939C5C35-F285-4569-AFE9-BAB1DFF26BED}.Debug|Any CPU.ActiveCfg = Debug|Any CPU
		{939C5C35-F285-4569-AFE9-BAB1DFF26BED}.Debug|Any CPU.Build.0 = Debug|Any CPU
		{939C5C35-F285-4569-AFE9-BAB1DFF26BED}.Release|Any CPU.ActiveCfg = Release|Any CPU
		{939C5C35-F285-4569-AFE9-BAB1DFF26BED}.Release|Any CPU.Build.0 = Release|Any CPU
	EndGlobalSection
	GlobalSection(NestedProjects) = preSolution
		{2B48D75E-B7C0-486C-934F-03EC255E608D} = {920918BD-4489-41E3-9488-19ED7CF41B92}
		{1149B502-1517-4746-A65F-916C9573E3AF} = {920918BD-4489-41E3-9488-19ED7CF41B92}
		{A6211C0A-6451-4B0D-97A1-C739F292CB2F} = {41A39865-C370-4CC1-B1AB-1711354DA07E}
		{3A77D268-9866-4CDD-AA89-6AC79586D5F0} = {315432B3-1DB3-4C29-9D72-7A14EC43CFCD}
		{885A594C-865C-4A1A-8747-D024AA122A78} = {41A39865-C370-4CC1-B1AB-1711354DA07E}
		{1E23A2B4-8D22-4333-8055-42653C222446} = {57054C2E-13D0-48C9-B35F-63BC8E80456C}
		{11AC36E9-F8E6-4F88-A743-EE18D21892BA} = {315432B3-1DB3-4C29-9D72-7A14EC43CFCD}
		{9FBCB93A-6A15-4FF8-9C60-7D261E7BB3B0} = {11AC36E9-F8E6-4F88-A743-EE18D21892BA}
		{C6FE81A5-382D-4C58-87FB-CE5339831F2F} = {11AC36E9-F8E6-4F88-A743-EE18D21892BA}
		{744E7067-29C1-4222-88B6-24CCC917939C} = {1F0CB8E3-651D-48E7-A7CE-947677DF3BDC}
		{47D4C7DC-602C-4C8A-BBDD-2520AE02F536} = {23EB678D-3976-4964-87AF-7160087048E3}
		{00120D76-C8D8-451F-A7DF-6D8701D126A0} = {57054C2E-13D0-48C9-B35F-63BC8E80456C}
		{939C5C35-F285-4569-AFE9-BAB1DFF26BED} = {41A39865-C370-4CC1-B1AB-1711354DA07E}
	EndGlobalSection
EndGlobal
